
Microsoft Visual Studio Solution File, Format Version 12.00
# Visual Studio Version 16
VisualStudioVersion = 16.0.29411.138
MinimumVisualStudioVersion = 10.0.40219.1
Project("{FAE04EC0-301F-11D3-BF4B-00C04F79EFBC}") = "Backend", "Backend\Backend.csproj", "{46BE6E8E-F2B7-4118-B947-D440055F320B}"
EndProject
Global
	GlobalSection(SolutionConfigurationPlatforms) = preSolution
		Debug|Any CPU = Debug|Any CPU
		Release|Any CPU = Release|Any CPU
	EndGlobalSection
	GlobalSection(ProjectConfigurationPlatforms) = postSolution
		{46BE6E8E-F2B7-4118-B947-D440055F320B}.Debug|Any CPU.ActiveCfg = Debug|Any CPU
		{46BE6E8E-F2B7-4118-B947-D440055F320B}.Debug|Any CPU.Build.0 = Debug|Any CPU
		{46BE6E8E-F2B7-4118-B947-D440055F320B}.Release|Any CPU.ActiveCfg = Release|Any CPU
		{46BE6E8E-F2B7-4118-B947-D440055F320B}.Release|Any CPU.Build.0 = Release|Any CPU
	EndGlobalSection
	GlobalSection(SolutionProperties) = preSolution
		HideSolutionNode = FALSE
	EndGlobalSection
	GlobalSection(ExtensibilityGlobals) = postSolution
		SolutionGuid = {1BEAE1F9-F456-43AB-911D-E001718D18B1}
	EndGlobalSection
EndGlobal
